
Microsoft Visual Studio Solution File, Format Version 12.00
# Visual Studio 15
VisualStudioVersion = 15.0.28307.168
MinimumVisualStudioVersion = 10.0.40219.1
Project("{FAE04EC0-301F-11D3-BF4B-00C04F79EFBC}") = "WebApplication4", "WebApplication4\WebApplication4.csproj", "{BD2867A9-3EF1-4734-ACDA-06899B9014FF}"
EndProject
Global
	GlobalSection(SolutionConfigurationPlatforms) = preSolution
		Debug|Any CPU = Debug|Any CPU
		Release|Any CPU = Release|Any CPU
	EndGlobalSection
	GlobalSection(ProjectConfigurationPlatforms) = postSolution
		{BD2867A9-3EF1-4734-ACDA-06899B9014FF}.Debug|Any CPU.ActiveCfg = Debug|Any CPU
		{BD2867A9-3EF1-4734-ACDA-06899B9014FF}.Debug|Any CPU.Build.0 = Debug|Any CPU
		{BD2867A9-3EF1-4734-ACDA-06899B9014FF}.Release|Any CPU.ActiveCfg = Release|Any CPU
		{BD2867A9-3EF1-4734-ACDA-06899B9014FF}.Release|Any CPU.Build.0 = Release|Any CPU
	EndGlobalSection
	GlobalSection(SolutionProperties) = preSolution
		HideSolutionNode = FALSE
	EndGlobalSection
	GlobalSection(ExtensibilityGlobals) = postSolution
		SolutionGuid = {B81518F5-70C5-4BCF-A8A4-CBA35933D306}
	EndGlobalSection
EndGlobal
